
Microsoft Visual Studio Solution File, Format Version 12.00
# Visual Studio Version 17
VisualStudioVersion = 17.11.35327.3
MinimumVisualStudioVersion = 10.0.40219.1
Project("{FAE04EC0-301F-11D3-BF4B-00C04F79EFBC}") = "Portfolio", "Portfolio\Portfolio.csproj", "{7EBEEEC0-D239-49CB-8C5C-FD8432BF3B49}"
EndProject
Global
	GlobalSection(SolutionConfigurationPlatforms) = preSolution
		Debug|Any CPU = Debug|Any CPU
		Release|Any CPU = Release|Any CPU
	EndGlobalSection
	GlobalSection(ProjectConfigurationPlatforms) = postSolution
		{7EBEEEC0-D239-49CB-8C5C-FD8432BF3B49}.Debug|Any CPU.ActiveCfg = Debug|Any CPU
		{7EBEEEC0-D239-49CB-8C5C-FD8432BF3B49}.Debug|Any CPU.Build.0 = Debug|Any CPU
		{7EBEEEC0-D239-49CB-8C5C-FD8432BF3B49}.Release|Any CPU.ActiveCfg = Release|Any CPU
		{7EBEEEC0-D239-49CB-8C5C-FD8432BF3B49}.Release|Any CPU.Build.0 = Release|Any CPU
	EndGlobalSection
	GlobalSection(SolutionProperties) = preSolution
		HideSolutionNode = FALSE
	EndGlobalSection
	GlobalSection(ExtensibilityGlobals) = postSolution
		SolutionGuid = {7F773092-1C84-4631-A2FD-1CF879E7176A}
	EndGlobalSection
EndGlobal
